
Microsoft Visual Studio Solution File, Format Version 12.00
# Visual Studio Version 16
VisualStudioVersion = 16.0.32126.315
MinimumVisualStudioVersion = 10.0.40219.1
Project("{9A19103F-16F7-4668-BE54-9A1E7A4F7556}") = "EmpEvents", "EmpEvents.csproj", "{A04E2057-76F9-42F0-AF56-34D0A9B47A09}"
EndProject
Project("{FAE04EC0-301F-11D3-BF4B-00C04F79EFBC}") = "EmployeeDomain", "..\EmployeeDomain\EmployeeDomain.csproj", "{1C148C50-ABF4-4BEE-8DBB-AC4FB73ABF07}"
EndProject
Global
	GlobalSection(SolutionConfigurationPlatforms) = preSolution
		Debug|Any CPU = Debug|Any CPU
		Release|Any CPU = Release|Any CPU
	EndGlobalSection
	GlobalSection(ProjectConfigurationPlatforms) = postSolution
		{A04E2057-76F9-42F0-AF56-34D0A9B47A09}.Debug|Any CPU.ActiveCfg = Debug|Any CPU
		{A04E2057-76F9-42F0-AF56-34D0A9B47A09}.Debug|Any CPU.Build.0 = Debug|Any CPU
		{A04E2057-76F9-42F0-AF56-34D0A9B47A09}.Release|Any CPU.ActiveCfg = Release|Any CPU
		{A04E2057-76F9-42F0-AF56-34D0A9B47A09}.Release|Any CPU.Build.0 = Release|Any CPU
		{1C148C50-ABF4-4BEE-8DBB-AC4FB73ABF07}.Debug|Any CPU.ActiveCfg = Debug|Any CPU
		{1C148C50-ABF4-4BEE-8DBB-AC4FB73ABF07}.Debug|Any CPU.Build.0 = Debug|Any CPU
		{1C148C50-ABF4-4BEE-8DBB-AC4FB73ABF07}.Release|Any CPU.ActiveCfg = Release|Any CPU
		{1C148C50-ABF4-4BEE-8DBB-AC4FB73ABF07}.Release|Any CPU.Build.0 = Release|Any CPU
	EndGlobalSection
	GlobalSection(SolutionProperties) = preSolution
		HideSolutionNode = FALSE
	EndGlobalSection
	GlobalSection(ExtensibilityGlobals) = postSolution
		SolutionGuid = {C5A2A8F2-44A9-47E1-94EF-03DCB5A8E0C4}
	EndGlobalSection
EndGlobal
